
Microsoft Visual Studio Solution File, Format Version 12.00
# Visual Studio Version 17
VisualStudioVersion = 17.9.34616.47
MinimumVisualStudioVersion = 10.0.40219.1
Project("{FAE04EC0-301F-11D3-BF4B-00C04F79EFBC}") = "AoL", "AoL\AoL.csproj", "{4026BF68-AC62-4F82-A8F8-7996DC999705}"
EndProject
Global
	GlobalSection(SolutionConfigurationPlatforms) = preSolution
		Debug|Any CPU = Debug|Any CPU
		Release|Any CPU = Release|Any CPU
	EndGlobalSection
	GlobalSection(ProjectConfigurationPlatforms) = postSolution
		{4026BF68-AC62-4F82-A8F8-7996DC999705}.Debug|Any CPU.ActiveCfg = Debug|Any CPU
		{4026BF68-AC62-4F82-A8F8-7996DC999705}.Debug|Any CPU.Build.0 = Debug|Any CPU
		{4026BF68-AC62-4F82-A8F8-7996DC999705}.Release|Any CPU.ActiveCfg = Release|Any CPU
		{4026BF68-AC62-4F82-A8F8-7996DC999705}.Release|Any CPU.Build.0 = Release|Any CPU
	EndGlobalSection
	GlobalSection(SolutionProperties) = preSolution
		HideSolutionNode = FALSE
	EndGlobalSection
	GlobalSection(ExtensibilityGlobals) = postSolution
		SolutionGuid = {220A041B-E545-44DA-A3DF-CCF3220F6443}
	EndGlobalSection
EndGlobal
